
Microsoft Visual Studio Solution File, Format Version 12.00
# Visual Studio 15
VisualStudioVersion = 15.0.27130.2036
MinimumVisualStudioVersion = 10.0.40219.1
Project("{FAE04EC0-301F-11D3-BF4B-00C04F79EFBC}") = "OkeyDigitoyGames", "OkeyDigitoyGames\OkeyDigitoyGames.csproj", "{30D45E4A-E0C5-417A-996C-4011330D997A}"
EndProject
Global
	GlobalSection(SolutionConfigurationPlatforms) = preSolution
		Debug|Any CPU = Debug|Any CPU
		Release|Any CPU = Release|Any CPU
	EndGlobalSection
	GlobalSection(ProjectConfigurationPlatforms) = postSolution
		{30D45E4A-E0C5-417A-996C-4011330D997A}.Debug|Any CPU.ActiveCfg = Debug|Any CPU
		{30D45E4A-E0C5-417A-996C-4011330D997A}.Debug|Any CPU.Build.0 = Debug|Any CPU
		{30D45E4A-E0C5-417A-996C-4011330D997A}.Release|Any CPU.ActiveCfg = Release|Any CPU
		{30D45E4A-E0C5-417A-996C-4011330D997A}.Release|Any CPU.Build.0 = Release|Any CPU
	EndGlobalSection
	GlobalSection(SolutionProperties) = preSolution
		HideSolutionNode = FALSE
	EndGlobalSection
	GlobalSection(ExtensibilityGlobals) = postSolution
		SolutionGuid = {EE8068E3-62FD-46B6-8892-F9D37963599F}
	EndGlobalSection
EndGlobal
